// !$*UTF8*$!
{
	archiveVersion = 1;
	classes = {
	};
	objectVersion = 48;
	objects = {

/* Begin PBXBuildFile section */
		21103E3E1F7D845B00253045 /* MoodTrackerTableViewController.swift in Sources */ = {isa = PBXBuildFile; fileRef = 21103E3D1F7D845B00253045 /* MoodTrackerTableViewController.swift */; };
		21103E401F7D846F00253045 /* MoodTrackerTableViewCell.swift in Sources */ = {isa = PBXBuildFile; fileRef = 21103E3F1F7D846F00253045 /* MoodTrackerTableViewCell.swift */; };
		21438C921F82F482007CA408 /* DisplayFriendViewController.swift in Sources */ = {isa = PBXBuildFile; fileRef = 21438C911F82F482007CA408 /* DisplayFriendViewController.swift */; };
		21438C941F82FE89007CA408 /* Friends.swift in Sources */ = {isa = PBXBuildFile; fileRef = 21438C931F82FE89007CA408 /* Friends.swift */; };
		21438C961F830A4A007CA408 /* MoodTrackerDelegate.swift in Sources */ = {isa = PBXBuildFile; fileRef = 21438C951F830A4A007CA408 /* MoodTrackerDelegate.swift */; };
		21B100671F7C527400A75BE3 /* AppDelegate.swift in Sources */ = {isa = PBXBuildFile; fileRef = 21B100661F7C527400A75BE3 /* AppDelegate.swift */; };
		21B1006C1F7C527400A75BE3 /* Main.storyboard in Resources */ = {isa = PBXBuildFile; fileRef = 21B1006A1F7C527400A75BE3 /* Main.storyboard */; };
		21B1006E1F7C527400A75BE3 /* Assets.xcassets in Resources */ = {isa = PBXBuildFile; fileRef = 21B1006D1F7C527400A75BE3 /* Assets.xcassets */; };
		21B100711F7C527400A75BE3 /* LaunchScreen.storyboard in Resources */ = {isa = PBXBuildFile; fileRef = 21B1006F1F7C527400A75BE3 /* LaunchScreen.storyboard */; };
		21B1007C1F7C527400A75BE3 /* MoodTrackerTests.swift in Sources */ = {isa = PBXBuildFile; fileRef = 21B1007B1F7C527400A75BE3 /* MoodTrackerTests.swift */; };
		21B100871F7C527500A75BE3 /* MoodTrackerUITests.swift in Sources */ = {isa = PBXBuildFile; fileRef = 21B100861F7C527500A75BE3 /* MoodTrackerUITests.swift */; };
/* End PBXBuildFile section */

/* Begin PBXContainerItemProxy section */
		21B100781F7C527400A75BE3 /* PBXContainerItemProxy */ = {
			isa = PBXContainerItemProxy;
			containerPortal = 21B1005B1F7C527400A75BE3 /* Project object */;
			proxyType = 1;
			remoteGlobalIDString = 21B100621F7C527400A75BE3;
			remoteInfo = MoodTracker;
		};
		21B100831F7C527500A75BE3 /* PBXContainerItemProxy */ = {
			isa = PBXContainerItemProxy;
			containerPortal = 21B1005B1F7C527400A75BE3 /* Project object */;
			proxyType = 1;
			remoteGlobalIDString = 21B100621F7C527400A75BE3;
			remoteInfo = MoodTracker;
		};
/* End PBXContainerItemProxy section */

/* Begin PBXFileReference section */
		21103E3D1F7D845B00253045 /* MoodTrackerTableViewController.swift */ = {isa = PBXFileReference; lastKnownFileType = sourcecode.swift; path = MoodTrackerTableViewController.swift; sourceTree = "<group>"; };
		21103E3F1F7D846F00253045 /* MoodTrackerTableViewCell.swift */ = {isa = PBXFileReference; lastKnownFileType = sourcecode.swift; path = MoodTrackerTableViewCell.swift; sourceTree = "<group>"; };
		21438C911F82F482007CA408 /* DisplayFriendViewController.swift */ = {isa = PBXFileReference; lastKnownFileType = sourcecode.swift; path = DisplayFriendViewController.swift; sourceTree = "<group>"; };
		21438C931F82FE89007CA408 /* Friends.swift */ = {isa = PBXFileReference; lastKnownFileType = sourcecode.swift; path = Friends.swift; sourceTree = "<group>"; };
		21438C951F830A4A007CA408 /* MoodTrackerDelegate.swift */ = {isa = PBXFileReference; lastKnownFileType = sourcecode.swift; path = MoodTrackerDelegate.swift; sourceTree = "<group>"; };
		21B100631F7C527400A75BE3 /* MoodTracker.app */ = {isa = PBXFileReference; explicitFileType = wrapper.application; includeInIndex = 0; path = MoodTracker.app; sourceTree = BUILT_PRODUCTS_DIR; };
		21B100661F7C527400A75BE3 /* AppDelegate.swift */ = {isa = PBXFileReference; lastKnownFileType = sourcecode.swift; path = AppDelegate.swift; sourceTree = "<group>"; };
		21B1006B1F7C527400A75BE3 /* Base */ = {isa = PBXFileReference; lastKnownFileType = file.storyboard; name = Base; path = Base.lproj/Main.storyboard; sourceTree = "<group>"; };
		21B1006D1F7C527400A75BE3 /* Assets.xcassets */ = {isa = PBXFileReference; lastKnownFileType = folder.assetcatalog; path = Assets.xcassets; sourceTree = "<group>"; };
		21B100701F7C527400A75BE3 /* Base */ = {isa = PBXFileReference; lastKnownFileType = file.storyboard; name = Base; path = Base.lproj/LaunchScreen.storyboard; sourceTree = "<group>"; };
		21B100721F7C527400A75BE3 /* Info.plist */ = {isa = PBXFileReference; lastKnownFileType = text.plist.xml; path = Info.plist; sourceTree = "<group>"; };
		21B100771F7C527400A75BE3 /* MoodTrackerTests.xctest */ = {isa = PBXFileReference; explicitFileType = wrapper.cfbundle; includeInIndex = 0; path = MoodTrackerTests.xctest; sourceTree = BUILT_PRODUCTS_DIR; };
		21B1007B1F7C527400A75BE3 /* MoodTrackerTests.swift */ = {isa = PBXFileReference; lastKnownFileType = sourcecode.swift; path = MoodTrackerTests.swift; sourceTree = "<group>"; };
		21B1007D1F7C527400A75BE3 /* Info.plist */ = {isa = PBXFileReference; lastKnownFileType = text.plist.xml; path = Info.plist; sourceTree = "<group>"; };
		21B100821F7C527500A75BE3 /* MoodTrackerUITests.xctest */ = {isa = PBXFileReference; explicitFileType = wrapper.cfbundle; includeInIndex = 0; path = MoodTrackerUITests.xctest; sourceTree = BUILT_PRODUCTS_DIR; };
		21B100861F7C527500A75BE3 /* MoodTrackerUITests.swift */ = {isa = PBXFileReference; lastKnownFileType = sourcecode.swift; path = MoodTrackerUITests.swift; sourceTree = "<group>"; };
		21B100881F7C527500A75BE3 /* Info.plist */ = {isa = PBXFileReference; lastKnownFileType = text.plist.xml; path = Info.plist; sourceTree = "<group>"; };
/* End PBXFileReference section */

/* Begin PBXFrameworksBuildPhase section */
		21B100601F7C527400A75BE3 /* Frameworks */ = {
			isa = PBXFrameworksBuildPhase;
			buildActionMask = 2147483647;
			files = (
			);
			runOnlyForDeploymentPostprocessing = 0;
		};
		21B100741F7C527400A75BE3 /* Frameworks */ = {
			isa = PBXFrameworksBuildPhase;
			buildActionMask = 2147483647;
			files = (
			);
			runOnlyForDeploymentPostprocessing = 0;
		};
		21B1007F1F7C527500A75BE3 /* Frameworks */ = {
			isa = PBXFrameworksBuildPhase;
			buildActionMask = 2147483647;
			files = (
			);
			runOnlyForDeploymentPostprocessing = 0;
		};
/* End PBXFrameworksBuildPhase section */

/* Begin PBXGroup section */
		21B1005A1F7C527400A75BE3 = {
			isa = PBXGroup;
			children = (
				21B100651F7C527400A75BE3 /* MoodTracker */,
				21B1007A1F7C527400A75BE3 /* MoodTrackerTests */,
				21B100851F7C527500A75BE3 /* MoodTrackerUITests */,
				21B100641F7C527400A75BE3 /* Products */,
			);
			sourceTree = "<group>";
		};
		21B100641F7C527400A75BE3 /* Products */ = {
			isa = PBXGroup;
			children = (
				21B100631F7C527400A75BE3 /* MoodTracker.app */,
				21B100771F7C527400A75BE3 /* MoodTrackerTests.xctest */,
				21B100821F7C527500A75BE3 /* MoodTrackerUITests.xctest */,
			);
			name = Products;
			sourceTree = "<group>";
		};
		21B100651F7C527400A75BE3 /* MoodTracker */ = {
			isa = PBXGroup;
			children = (
				21B100661F7C527400A75BE3 /* AppDelegate.swift */,
				21B1006A1F7C527400A75BE3 /* Main.storyboard */,
				21B1006D1F7C527400A75BE3 /* Assets.xcassets */,
				21B1006F1F7C527400A75BE3 /* LaunchScreen.storyboard */,
				21B100721F7C527400A75BE3 /* Info.plist */,
				21103E3F1F7D846F00253045 /* MoodTrackerTableViewCell.swift */,
				21103E3D1F7D845B00253045 /* MoodTrackerTableViewController.swift */,
				21438C951F830A4A007CA408 /* MoodTrackerDelegate.swift */,
				21438C931F82FE89007CA408 /* Friends.swift */,
				21438C911F82F482007CA408 /* DisplayFriendViewController.swift */,
			);
			path = MoodTracker;
			sourceTree = "<group>";
		};
		21B1007A1F7C527400A75BE3 /* MoodTrackerTests */ = {
			isa = PBXGroup;
			children = (
				21B1007B1F7C527400A75BE3 /* MoodTrackerTests.swift */,
				21B1007D1F7C527400A75BE3 /* Info.plist */,
			);
			path = MoodTrackerTests;
			sourceTree = "<group>";
		};
		21B100851F7C527500A75BE3 /* MoodTrackerUITests */ = {
			isa = PBXGroup;
			children = (
				21B100861F7C527500A75BE3 /* MoodTrackerUITests.swift */,
				21B100881F7C527500A75BE3 /* Info.plist */,
			);
			path = MoodTrackerUITests;
			sourceTree = "<group>";
		};
/* End PBXGroup section */

/* Begin PBXNativeTarget section */
		21B100621F7C527400A75BE3 /* MoodTracker */ = {
			isa = PBXNativeTarget;
			buildConfigurationList = 21B1008B1F7C527500A75BE3 /* Build configuration list for PBXNativeTarget "MoodTracker" */;
			buildPhases = (
				21B1005F1F7C527400A75BE3 /* Sources */,
				21B100601F7C527400A75BE3 /* Frameworks */,
				21B100611F7C527400A75BE3 /* Resources */,
			);
			buildRules = (
			);
			dependencies = (
			);
			name = MoodTracker;
			productName = MoodTracker;
			productReference = 21B100631F7C527400A75BE3 /* MoodTracker.app */;
			productType = "com.apple.product-type.application";
		};
		21B100761F7C527400A75BE3 /* MoodTrackerTests */ = {
			isa = PBXNativeTarget;
			buildConfigurationList = 21B1008E1F7C527500A75BE3 /* Build configuration list for PBXNativeTarget "MoodTrackerTests" */;
			buildPhases = (
				21B100731F7C527400A75BE3 /* Sources */,
				21B100741F7C527400A75BE3 /* Frameworks */,
				21B100751F7C527400A75BE3 /* Resources */,
			);
			buildRules = (
			);
			dependencies = (
				21B100791F7C527400A75BE3 /* PBXTargetDependency */,
			);
			name = MoodTrackerTests;
			productName = MoodTrackerTests;
			productReference = 21B100771F7C527400A75BE3 /* MoodTrackerTests.xctest */;
			productType = "com.apple.product-type.bundle.unit-test";
		};
		21B100811F7C527500A75BE3 /* MoodTrackerUITests */ = {
			isa = PBXNativeTarget;
			buildConfigurationList = 21B100911F7C527500A75BE3 /* Build configuration list for PBXNativeTarget "MoodTrackerUITests" */;
			buildPhases = (
				21B1007E1F7C527500A75BE3 /* Sources */,
				21B1007F1F7C527500A75BE3 /* Frameworks */,
				21B100801F7C527500A75BE3 /* Resources */,
			);
			buildRules = (
			);
			dependencies = (
				21B100841F7C527500A75BE3 /* PBXTargetDependency */,
			);
			name = MoodTrackerUITests;
			productName = MoodTrackerUITests;
			productReference = 21B100821F7C527500A75BE3 /* MoodTrackerUITests.xctest */;
			productType = "com.apple.product-type.bundle.ui-testing";
		};
/* End PBXNativeTarget section */

/* Begin PBXProject section */
		21B1005B1F7C527400A75BE3 /* Project object */ = {
			isa = PBXProject;
			attributes = {
				LastSwiftUpdateCheck = 0900;
				LastUpgradeCheck = 0900;
				ORGANIZATIONNAME = "Tony Cioara";
				TargetAttributes = {
					21B100621F7C527400A75BE3 = {
						CreatedOnToolsVersion = 9.0;
						ProvisioningStyle = Automatic;
					};
					21B100761F7C527400A75BE3 = {
						CreatedOnToolsVersion = 9.0;
						ProvisioningStyle = Automatic;
						TestTargetID = 21B100621F7C527400A75BE3;
					};
					21B100811F7C527500A75BE3 = {
						CreatedOnToolsVersion = 9.0;
						ProvisioningStyle = Automatic;
						TestTargetID = 21B100621F7C527400A75BE3;
					};
				};
			};
			buildConfigurationList = 21B1005E1F7C527400A75BE3 /* Build configuration list for PBXProject "MoodTracker" */;
			compatibilityVersion = "Xcode 8.0";
			developmentRegion = en;
			hasScannedForEncodings = 0;
			knownRegions = (
				en,
				Base,
			);
			mainGroup = 21B1005A1F7C527400A75BE3;
			productRefGroup = 21B100641F7C527400A75BE3 /* Products */;
			projectDirPath = "";
			projectRoot = "";
			targets = (
				21B100621F7C527400A75BE3 /* MoodTracker */,
				21B100761F7C527400A75BE3 /* MoodTrackerTests */,
				21B100811F7C527500A75BE3 /* MoodTrackerUITests */,
			);
		};
/* End PBXProject section */

/* Begin PBXResourcesBuildPhase section */
		21B100611F7C527400A75BE3 /* Resources */ = {
			isa = PBXResourcesBuildPhase;
			buildActionMask = 2147483647;
			files = (
				21B100711F7C527400A75BE3 /* LaunchScreen.storyboard in Resources */,
				21B1006E1F7C527400A75BE3 /* Assets.xcassets in Resources */,
				21B1006C1F7C527400A75BE3 /* Main.storyboard in Resources */,
			);
			runOnlyForDeploymentPostprocessing = 0;
		};
		21B100751F7C527400A75BE3 /* Resources */ = {
			isa = PBXResourcesBuildPhase;
			buildActionMask = 2147483647;
			files = (
			);
			runOnlyForDeploymentPostprocessing = 0;
		};
		21B100801F7C527500A75BE3 /* Resources */ = {
			isa = PBXResourcesBuildPhase;
			buildActionMask = 2147483647;
			files = (
			);
			runOnlyForDeploymentPostprocessing = 0;
		};
/* End PBXResourcesBuildPhase section */

/* Begin PBXSourcesBuildPhase section */
		21B1005F1F7C527400A75BE3 /* Sources */ = {
			isa = PBXSourcesBuildPhase;
			buildActionMask = 2147483647;
			files = (
				21103E3E1F7D845B00253045 /* MoodTrackerTableViewController.swift in Sources */,
				21B100671F7C527400A75BE3 /* AppDelegate.swift in Sources */,
				21103E401F7D846F00253045 /* MoodTrackerTableViewCell.swift in Sources */,
				21438C941F82FE89007CA408 /* Friends.swift in Sources */,
				21438C961F830A4A007CA408 /* MoodTrackerDelegate.swift in Sources */,
				21438C921F82F482007CA408 /* DisplayFriendViewController.swift in Sources */,
			);
			runOnlyForDeploymentPostprocessing = 0;
		};
		21B100731F7C527400A75BE3 /* Sources */ = {
			isa = PBXSourcesBuildPhase;
			buildActionMask = 2147483647;
			files = (
				21B1007C1F7C527400A75BE3 /* MoodTrackerTests.swift in Sources */,
			);
			runOnlyForDeploymentPostprocessing = 0;
		};
		21B1007E1F7C527500A75BE3 /* Sources */ = {
			isa = PBXSourcesBuildPhase;
			buildActionMask = 2147483647;
			files = (
				21B100871F7C527500A75BE3 /* MoodTrackerUITests.swift in Sources */,
			);
			runOnlyForDeploymentPostprocessing = 0;
		};
/* End PBXSourcesBuildPhase section */

/* Begin PBXTargetDependency section */
		21B100791F7C527400A75BE3 /* PBXTargetDependency */ = {
			isa = PBXTargetDependency;
			target = 21B100621F7C527400A75BE3 /* MoodTracker */;
			targetProxy = 21B100781F7C527400A75BE3 /* PBXContainerItemProxy */;
		};
		21B100841F7C527500A75BE3 /* PBXTargetDependency */ = {
			isa = PBXTargetDependency;
			target = 21B100621F7C527400A75BE3 /* MoodTracker */;
			targetProxy = 21B100831F7C527500A75BE3 /* PBXContainerItemProxy */;
		};
/* End PBXTargetDependency section */

/* Begin PBXVariantGroup section */
		21B1006A1F7C527400A75BE3 /* Main.storyboard */ = {
			isa = PBXVariantGroup;
			children = (
				21B1006B1F7C527400A75BE3 /* Base */,
			);
			name = Main.storyboard;
			sourceTree = "<group>";
		};
		21B1006F1F7C527400A75BE3 /* LaunchScreen.storyboard */ = {
			isa = PBXVariantGroup;
			children = (
				21B100701F7C527400A75BE3 /* Base */,
			);
			name = LaunchScreen.storyboard;
			sourceTree = "<group>";
		};
/* End PBXVariantGroup section */

/* Begin XCBuildConfiguration section */
		21B100891F7C527500A75BE3 /* Debug */ = {
			isa = XCBuildConfiguration;
			buildSettings = {
				ALWAYS_SEARCH_USER_PATHS = NO;
				CLANG_ANALYZER_NONNULL = YES;
				CLANG_ANALYZER_NUMBER_OBJECT_CONVERSION = YES_AGGRESSIVE;
				CLANG_CXX_LANGUAGE_STANDARD = "gnu++14";
				CLANG_CXX_LIBRARY = "libc++";
				CLANG_ENABLE_MODULES = YES;
				CLANG_ENABLE_OBJC_ARC = YES;
				CLANG_WARN_BLOCK_CAPTURE_AUTORELEASING = YES;
				CLANG_WARN_BOOL_CONVERSION = YES;
				CLANG_WARN_COMMA = YES;
				CLANG_WARN_CONSTANT_CONVERSION = YES;
				CLANG_WARN_DIRECT_OBJC_ISA_USAGE = YES_ERROR;
				CLANG_WARN_DOCUMENTATION_COMMENTS = YES;
				CLANG_WARN_EMPTY_BODY = YES;
				CLANG_WARN_ENUM_CONVERSION = YES;
				CLANG_WARN_INFINITE_RECURSION = YES;
				CLANG_WARN_INT_CONVERSION = YES;
				CLANG_WARN_NON_LITERAL_NULL_CONVERSION = YES;
				CLANG_WARN_OBJC_LITERAL_CONVERSION = YES;
				CLANG_WARN_OBJC_ROOT_CLASS = YES_ERROR;
				CLANG_WARN_RANGE_LOOP_ANALYSIS = YES;
				CLANG_WARN_STRICT_PROTOTYPES = YES;
				CLANG_WARN_SUSPICIOUS_MOVE = YES;
				CLANG_WARN_UNGUARDED_AVAILABILITY = YES_AGGRESSIVE;
				CLANG_WARN_UNREACHABLE_CODE = YES;
				CLANG_WARN__DUPLICATE_METHOD_MATCH = YES;
				CODE_SIGN_IDENTITY = "iPhone Developer";
				COPY_PHASE_STRIP = NO;
				DEBUG_INFORMATION_FORMAT = dwarf;
				ENABLE_STRICT_OBJC_MSGSEND = YES;
				ENABLE_TESTABILITY = YES;
				GCC_C_LANGUAGE_STANDARD = gnu11;
				GCC_DYNAMIC_NO_PIC = NO;
				GCC_NO_COMMON_BLOCKS = YES;
				GCC_OPTIMIZATION_LEVEL = 0;
				GCC_PREPROCESSOR_DEFINITIONS = (
					"DEBUG=1",
					"$(inherited)",
				);
				GCC_WARN_64_TO_32_BIT_CONVERSION = YES;
				GCC_WARN_ABOUT_RETURN_TYPE = YES_ERROR;
				GCC_WARN_UNDECLARED_SELECTOR = YES;
				GCC_WARN_UNINITIALIZED_AUTOS = YES_AGGRESSIVE;
				GCC_WARN_UNUSED_FUNCTION = YES;
				GCC_WARN_UNUSED_VARIABLE = YES;
				IPHONEOS_DEPLOYMENT_TARGET = 11.0;
				MTL_ENABLE_DEBUG_INFO = YES;
				ONLY_ACTIVE_ARCH = YES;
				SDKROOT = iphoneos;
				SWIFT_ACTIVE_COMPILATION_CONDITIONS = DEBUG;
				SWIFT_OPTIMIZATION_LEVEL = "-Onone";
			};
			name = Debug;
		};
		21B1008A1F7C527500A75BE3 /* Release */ = {
			isa = XCBuildConfiguration;
			buildSettings = {
				ALWAYS_SEARCH_USER_PATHS = NO;
				CLANG_ANALYZER_NONNULL = YES;
				CLANG_ANALYZER_NUMBER_OBJECT_CONVERSION = YES_AGGRESSIVE;
				CLANG_CXX_LANGUAGE_STANDARD = "gnu++14";
				CLANG_CXX_LIBRARY = "libc++";
				CLANG_ENABLE_MODULES = YES;
				CLANG_ENABLE_OBJC_ARC = YES;
				CLANG_WARN_BLOCK_CAPTURE_AUTORELEASING = YES;
				CLANG_WARN_BOOL_CONVERSION = YES;
				CLANG_WARN_COMMA = YES;
				CLANG_WARN_CONSTANT_CONVERSION = YES;
				CLANG_WARN_DIRECT_OBJC_ISA_USAGE = YES_ERROR;
				CLANG_WARN_DOCUMENTATION_COMMENTS = YES;
				CLANG_WARN_EMPTY_BODY = YES;
				CLANG_WARN_ENUM_CONVERSION = YES;
				CLANG_WARN_INFINITE_RECURSION = YES;
				CLANG_WARN_INT_CONVERSION = YES;
				CLANG_WARN_NON_LITERAL_NULL_CONVERSION = YES;
				CLANG_WARN_OBJC_LITERAL_CONVERSION = YES;
				CLANG_WARN_OBJC_ROOT_CLASS = YES_ERROR;
				CLANG_WARN_RANGE_LOOP_ANALYSIS = YES;
				CLANG_WARN_STRICT_PROTOTYPES = YES;
				CLANG_WARN_SUSPICIOUS_MOVE = YES;
				CLANG_WARN_UNGUARDED_AVAILABILITY = YES_AGGRESSIVE;
				CLANG_WARN_UNREACHABLE_CODE = YES;
				CLANG_WARN__DUPLICATE_METHOD_MATCH = YES;
				CODE_SIGN_IDENTITY = "iPhone Developer";
				COPY_PHASE_STRIP = NO;
				DEBUG_INFORMATION_FORMAT = "dwarf-with-dsym";
				ENABLE_NS_ASSERTIONS = NO;
				ENABLE_STRICT_OBJC_MSGSEND = YES;
				GCC_C_LANGUAGE_STANDARD = gnu11;
				GCC_NO_COMMON_BLOCKS = YES;
				GCC_WARN_64_TO_32_BIT_CONVERSION = YES;
				GCC_WARN_ABOUT_RETURN_TYPE = YES_ERROR;
				GCC_WARN_UNDECLARED_SELECTOR = YES;
				GCC_WARN_UNINITIALIZED_AUTOS = YES_AGGRESSIVE;
				GCC_WARN_UNUSED_FUNCTION = YES;
				GCC_WARN_UNUSED_VARIABLE = YES;
				IPHONEOS_DEPLOYMENT_TARGET = 11.0;
				MTL_ENABLE_DEBUG_INFO = NO;
				SDKROOT = iphoneos;
				SWIFT_OPTIMIZATION_LEVEL = "-Owholemodule";
				VALIDATE_PRODUCT = YES;
			};
			name = Release;
		};
		21B1008C1F7C527500A75BE3 /* Debug */ = {
			isa = XCBuildConfiguration;
			buildSettings = {
				ASSETCATALOG_COMPILER_APPICON_NAME = AppIcon;
				CODE_SIGN_STYLE = Automatic;
				DEVELOPMENT_TEAM = JDYWQEVARC;
				INFOPLIST_FILE = MoodTracker/Info.plist;
				LD_RUNPATH_SEARCH_PATHS = "$(inherited) @executable_path/Frameworks";
				PRODUCT_BUNDLE_IDENTIFIER = com.TonyCioaraApps.MoodTracker;
				PRODUCT_NAME = "$(TARGET_NAME)";
				SWIFT_VERSION = 4.0;
				TARGETED_DEVICE_FAMILY = "1,2";
			};
			name = Debug;
		};
		21B1008D1F7C527500A75BE3 /* Release */ = {
			isa = XCBuildConfiguration;
			buildSettings = {
				ASSETCATALOG_COMPILER_APPICON_NAME = AppIcon;
				CODE_SIGN_STYLE = Automatic;
				DEVELOPMENT_TEAM = JDYWQEVARC;
				INFOPLIST_FILE = MoodTracker/Info.plist;
				LD_RUNPATH_SEARCH_PATHS = "$(inherited) @executable_path/Frameworks";
				PRODUCT_BUNDLE_IDENTIFIER = com.TonyCioaraApps.MoodTracker;
				PRODUCT_NAME = "$(TARGET_NAME)";
				SWIFT_VERSION = 4.0;
				TARGETED_DEVICE_FAMILY = "1,2";
			};
			name = Release;
		};
		21B1008F1F7C527500A75BE3 /* Debug */ = {
			isa = XCBuildConfiguration;
			buildSettings = {
				ALWAYS_EMBED_SWIFT_STANDARD_LIBRARIES = YES;
				BUNDLE_LOADER = "$(TEST_HOST)";
				CODE_SIGN_STYLE = Automatic;
				DEVELOPMENT_TEAM = JDYWQEVARC;
				INFOPLIST_FILE = MoodTrackerTests/Info.plist;
				LD_RUNPATH_SEARCH_PATHS = "$(inherited) @executable_path/Frameworks @loader_path/Frameworks";
				PRODUCT_BUNDLE_IDENTIFIER = com.TonyCioaraApps.MoodTrackerTests;
				PRODUCT_NAME = "$(TARGET_NAME)";
				SWIFT_VERSION = 4.0;
				TARGETED_DEVICE_FAMILY = "1,2";
				TEST_HOST = "$(BUILT_PRODUCTS_DIR)/MoodTracker.app/MoodTracker";
			};
			name = Debug;
		};
		21B100901F7C527500A75BE3 /* Release */ = {
			isa = XCBuildConfiguration;
			buildSettings = {
				ALWAYS_EMBED_SWIFT_STANDARD_LIBRARIES = YES;
				BUNDLE_LOADER = "$(TEST_HOST)";
				CODE_SIGN_STYLE = Automatic;
				DEVELOPMENT_TEAM = JDYWQEVARC;
				INFOPLIST_FILE = MoodTrackerTests/Info.plist;
				LD_RUNPATH_SEARCH_PATHS = "$(inherited) @executable_path/Frameworks @loader_path/Frameworks";
				PRODUCT_BUNDLE_IDENTIFIER = com.TonyCioaraApps.MoodTrackerTests;
				PRODUCT_NAME = "$(TARGET_NAME)";
				SWIFT_VERSION = 4.0;
				TARGETED_DEVICE_FAMILY = "1,2";
				TEST_HOST = "$(BUILT_PRODUCTS_DIR)/MoodTracker.app/MoodTracker";
			};
			name = Release;
		};
		21B100921F7C527500A75BE3 /* Debug */ = {
			isa = XCBuildConfiguration;
			buildSettings = {
				ALWAYS_EMBED_SWIFT_STANDARD_LIBRARIES = YES;
				CODE_SIGN_STYLE = Automatic;
				DEVELOPMENT_TEAM = JDYWQEVARC;
				INFOPLIST_FILE = MoodTrackerUITests/Info.plist;
				LD_RUNPATH_SEARCH_PATHS = "$(inherited) @executable_path/Frameworks @loader_path/Frameworks";
				PRODUCT_BUNDLE_IDENTIFIER = com.TonyCioaraApps.MoodTrackerUITests;
				PRODUCT_NAME = "$(TARGET_NAME)";
				SWIFT_VERSION = 4.0;
				TARGETED_DEVICE_FAMILY = "1,2";
				TEST_TARGET_NAME = MoodTracker;
			};
			name = Debug;
		};
		21B100931F7C527500A75BE3 /* Release */ = {
			isa = XCBuildConfiguration;
			buildSettings = {
				ALWAYS_EMBED_SWIFT_STANDARD_LIBRARIES = YES;
				CODE_SIGN_STYLE = Automatic;
				DEVELOPMENT_TEAM = JDYWQEVARC;
				INFOPLIST_FILE = MoodTrackerUITests/Info.plist;
				LD_RUNPATH_SEARCH_PATHS = "$(inherited) @executable_path/Frameworks @loader_path/Frameworks";
				PRODUCT_BUNDLE_IDENTIFIER = com.TonyCioaraApps.MoodTrackerUITests;
				PRODUCT_NAME = "$(TARGET_NAME)";
				SWIFT_VERSION = 4.0;
				TARGETED_DEVICE_FAMILY = "1,2";
				TEST_TARGET_NAME = MoodTracker;
			};
			name = Release;
		};
/* End XCBuildConfiguration section */

/* Begin XCConfigurationList section */
		21B1005E1F7C527400A75BE3 /* Build configuration list for PBXProject "MoodTracker" */ = {
			isa = XCConfigurationList;
			buildConfigurations = (
				21B100891F7C527500A75BE3 /* Debug */,
				21B1008A1F7C527500A75BE3 /* Release */,
			);
			defaultConfigurationIsVisible = 0;
			defaultConfigurationName = Release;
		};
		21B1008B1F7C527500A75BE3 /* Build configuration list for PBXNativeTarget "MoodTracker" */ = {
			isa = XCConfigurationList;
			buildConfigurations = (
				21B1008C1F7C527500A75BE3 /* Debug */,
				21B1008D1F7C527500A75BE3 /* Release */,
			);
			defaultConfigurationIsVisible = 0;
			defaultConfigurationName = Release;
		};
		21B1008E1F7C527500A75BE3 /* Build configuration list for PBXNativeTarget "MoodTrackerTests" */ = {
			isa = XCConfigurationList;
			buildConfigurations = (
				21B1008F1F7C527500A75BE3 /* Debug */,
				21B100901F7C527500A75BE3 /* Release */,
			);
			defaultConfigurationIsVisible = 0;
			defaultConfigurationName = Release;
		};
		21B100911F7C527500A75BE3 /* Build configuration list for PBXNativeTarget "MoodTrackerUITests" */ = {
			isa = XCConfigurationList;
			buildConfigurations = (
				21B100921F7C527500A75BE3 /* Debug */,
				21B100931F7C527500A75BE3 /* Release */,
			);
			defaultConfigurationIsVisible = 0;
			defaultConfigurationName = Release;
		};
/* End XCConfigurationList section */
	};
	rootObject = 21B1005B1F7C527400A75BE3 /* Project object */;
}
